
Microsoft Visual Studio Solution File, Format Version 12.00
# Visual Studio Version 16
VisualStudioVersion = 16.0.31321.278
MinimumVisualStudioVersion = 10.0.40219.1
Project("{FAE04EC0-301F-11D3-BF4B-00C04F79EFBC}") = "ITManager.EngineWeb", "ITManager.EngineWeb\ITManager.EngineWeb.csproj", "{59592237-6FD7-4081-9DC0-DBBF0A1B0498}"
EndProject
Global
	GlobalSection(SolutionConfigurationPlatforms) = preSolution
		Debug|Any CPU = Debug|Any CPU
		Release|Any CPU = Release|Any CPU
	EndGlobalSection
	GlobalSection(ProjectConfigurationPlatforms) = postSolution
		{59592237-6FD7-4081-9DC0-DBBF0A1B0498}.Debug|Any CPU.ActiveCfg = Debug|Any CPU
		{59592237-6FD7-4081-9DC0-DBBF0A1B0498}.Debug|Any CPU.Build.0 = Debug|Any CPU
		{59592237-6FD7-4081-9DC0-DBBF0A1B0498}.Release|Any CPU.ActiveCfg = Release|Any CPU
		{59592237-6FD7-4081-9DC0-DBBF0A1B0498}.Release|Any CPU.Build.0 = Release|Any CPU
	EndGlobalSection
	GlobalSection(SolutionProperties) = preSolution
		HideSolutionNode = FALSE
	EndGlobalSection
	GlobalSection(ExtensibilityGlobals) = postSolution
		SolutionGuid = {D6E41637-9346-4EAF-AD28-2C8B335EB409}
	EndGlobalSection
EndGlobal
